
Microsoft Visual Studio Solution File, Format Version 12.00
# Visual Studio Version 17
VisualStudioVersion = 17.11.35303.130
MinimumVisualStudioVersion = 10.0.40219.1
Project("{D2ABAB84-BF74-430A-B69E-9DC6D40DDA17}") = "BDIII", "BDIII\BDIII.dwproj", "{3F9DD75B-F4CD-4738-9E2D-C7392C19E6A8}"
EndProject
Global
	GlobalSection(SolutionConfigurationPlatforms) = preSolution
		Development|Default = Development|Default
	EndGlobalSection
	GlobalSection(ProjectConfigurationPlatforms) = postSolution
		{3F9DD75B-F4CD-4738-9E2D-C7392C19E6A8}.Development|Default.ActiveCfg = Development
		{3F9DD75B-F4CD-4738-9E2D-C7392C19E6A8}.Development|Default.Build.0 = Development
		{3F9DD75B-F4CD-4738-9E2D-C7392C19E6A8}.Development|Default.Deploy.0 = Development
	EndGlobalSection
	GlobalSection(SolutionProperties) = preSolution
		HideSolutionNode = FALSE
	EndGlobalSection
	GlobalSection(ExtensibilityGlobals) = postSolution
		SolutionGuid = {3A8ABED1-90D6-41C9-A5E3-18C9A289ACA8}
	EndGlobalSection
EndGlobal
